
Microsoft Visual Studio Solution File, Format Version 12.00
# Visual Studio Version 17
VisualStudioVersion = 17.14.36811.4 d17.14
MinimumVisualStudioVersion = 10.0.40219.1
Project("{FAE04EC0-301F-11D3-BF4B-00C04F79EFBC}") = "EnterpriseSupplierManager.Api", "EnterpriseSupplierManager.Api.csproj", "{56FC78F5-7091-BBFA-A4C9-F3145FC6F33B}"
EndProject
Project("{FAE04EC0-301F-11D3-BF4B-00C04F79EFBC}") = "EnterpriseSupplierManager.Application", "..\EnterpriseSupplierManager.Application\EnterpriseSupplierManager.Application.csproj", "{B3BA69F4-A28A-47B5-BF01-5502BEA83DF9}"
EndProject
Project("{FAE04EC0-301F-11D3-BF4B-00C04F79EFBC}") = "EnterpriseSupplierManager.Domain", "..\EnterpriseSupplierManager.Domain\EnterpriseSupplierManager.Domain.csproj", "{3E3F119F-C2F8-4F69-B789-25285BB1CB18}"
EndProject
Project("{FAE04EC0-301F-11D3-BF4B-00C04F79EFBC}") = "EnterpriseSupplierManager.Infrastructure", "..\EnterpriseSupplierManager.Infrastructure\EnterpriseSupplierManager.Infrastructure.csproj", "{046DE3B9-8EE6-4781-9C3A-3F16D91B2FAA}"
EndProject
Global
	GlobalSection(SolutionConfigurationPlatforms) = preSolution
		Debug|Any CPU = Debug|Any CPU
		Release|Any CPU = Release|Any CPU
	EndGlobalSection
	GlobalSection(ProjectConfigurationPlatforms) = postSolution
		{56FC78F5-7091-BBFA-A4C9-F3145FC6F33B}.Debug|Any CPU.ActiveCfg = Debug|Any CPU
		{56FC78F5-7091-BBFA-A4C9-F3145FC6F33B}.Debug|Any CPU.Build.0 = Debug|Any CPU
		{56FC78F5-7091-BBFA-A4C9-F3145FC6F33B}.Release|Any CPU.ActiveCfg = Release|Any CPU
		{56FC78F5-7091-BBFA-A4C9-F3145FC6F33B}.Release|Any CPU.Build.0 = Release|Any CPU
		{B3BA69F4-A28A-47B5-BF01-5502BEA83DF9}.Debug|Any CPU.ActiveCfg = Debug|Any CPU
		{B3BA69F4-A28A-47B5-BF01-5502BEA83DF9}.Debug|Any CPU.Build.0 = Debug|Any CPU
		{B3BA69F4-A28A-47B5-BF01-5502BEA83DF9}.Release|Any CPU.ActiveCfg = Release|Any CPU
		{B3BA69F4-A28A-47B5-BF01-5502BEA83DF9}.Release|Any CPU.Build.0 = Release|Any CPU
		{3E3F119F-C2F8-4F69-B789-25285BB1CB18}.Debug|Any CPU.ActiveCfg = Debug|Any CPU
		{3E3F119F-C2F8-4F69-B789-25285BB1CB18}.Debug|Any CPU.Build.0 = Debug|Any CPU
		{3E3F119F-C2F8-4F69-B789-25285BB1CB18}.Release|Any CPU.ActiveCfg = Release|Any CPU
		{3E3F119F-C2F8-4F69-B789-25285BB1CB18}.Release|Any CPU.Build.0 = Release|Any CPU
		{046DE3B9-8EE6-4781-9C3A-3F16D91B2FAA}.Debug|Any CPU.ActiveCfg = Debug|Any CPU
		{046DE3B9-8EE6-4781-9C3A-3F16D91B2FAA}.Debug|Any CPU.Build.0 = Debug|Any CPU
		{046DE3B9-8EE6-4781-9C3A-3F16D91B2FAA}.Release|Any CPU.ActiveCfg = Release|Any CPU
		{046DE3B9-8EE6-4781-9C3A-3F16D91B2FAA}.Release|Any CPU.Build.0 = Release|Any CPU
	EndGlobalSection
	GlobalSection(SolutionProperties) = preSolution
		HideSolutionNode = FALSE
	EndGlobalSection
	GlobalSection(ExtensibilityGlobals) = postSolution
		SolutionGuid = {D9147B7E-A61E-4973-B95E-D212C0CA9570}
	EndGlobalSection
EndGlobal
